
Microsoft Visual Studio Solution File, Format Version 12.00
# Visual Studio Version 17
VisualStudioVersion = 17.8.34511.84
MinimumVisualStudioVersion = 10.0.40219.1
Project("{9A19103F-16F7-4668-BE54-9A1E7A4F7556}") = "BeratDemirel_215040088_Final", "BeratDemirel_215040088_Final.csproj", "{ACB60BE8-074F-42AA-BAD1-D3ECF677F73E}"
EndProject
Global
	GlobalSection(SolutionConfigurationPlatforms) = preSolution
		Debug|Any CPU = Debug|Any CPU
		Release|Any CPU = Release|Any CPU
	EndGlobalSection
	GlobalSection(ProjectConfigurationPlatforms) = postSolution
		{ACB60BE8-074F-42AA-BAD1-D3ECF677F73E}.Debug|Any CPU.ActiveCfg = Debug|Any CPU
		{ACB60BE8-074F-42AA-BAD1-D3ECF677F73E}.Debug|Any CPU.Build.0 = Debug|Any CPU
		{ACB60BE8-074F-42AA-BAD1-D3ECF677F73E}.Release|Any CPU.ActiveCfg = Release|Any CPU
		{ACB60BE8-074F-42AA-BAD1-D3ECF677F73E}.Release|Any CPU.Build.0 = Release|Any CPU
	EndGlobalSection
	GlobalSection(SolutionProperties) = preSolution
		HideSolutionNode = FALSE
	EndGlobalSection
	GlobalSection(ExtensibilityGlobals) = postSolution
		SolutionGuid = {A72F7D88-F8FD-4280-B279-338415FCF663}
	EndGlobalSection
EndGlobal
